// !$*UTF8*$!
{
	archiveVersion = 1;
	classes = {
	};
	objectVersion = 46;
	objects = {

/* Begin PBXBuildFile section */
		AB57F9141F10DCF900CFB504 /* FancyImageView.swift in Sources */ = {isa = PBXBuildFile; fileRef = AB57F9131F10DCF900CFB504 /* FancyImageView.swift */; };
		AB57F9161F11097900CFB504 /* InstructionsVC.swift in Sources */ = {isa = PBXBuildFile; fileRef = AB57F9151F11097900CFB504 /* InstructionsVC.swift */; };
		AB57F9181F1109A400CFB504 /* AboutVC.swift in Sources */ = {isa = PBXBuildFile; fileRef = AB57F9171F1109A400CFB504 /* AboutVC.swift */; };
		AB57F91A1F1109C000CFB504 /* PrivacyVC.swift in Sources */ = {isa = PBXBuildFile; fileRef = AB57F9191F1109C000CFB504 /* PrivacyVC.swift */; };
		AB57F91C1F111AAB00CFB504 /* ProfileOptionsVC.swift in Sources */ = {isa = PBXBuildFile; fileRef = AB57F91B1F111AAB00CFB504 /* ProfileOptionsVC.swift */; };
		AB57F91E1F11215E00CFB504 /* ViewProfileVC.swift in Sources */ = {isa = PBXBuildFile; fileRef = AB57F91D1F11215E00CFB504 /* ViewProfileVC.swift */; };
		AB57F9201F11226B00CFB504 /* FancyLabel.swift in Sources */ = {isa = PBXBuildFile; fileRef = AB57F91F1F11226B00CFB504 /* FancyLabel.swift */; };
		AB57F9221F11263900CFB504 /* UserProfile.swift in Sources */ = {isa = PBXBuildFile; fileRef = AB57F9211F11263900CFB504 /* UserProfile.swift */; };
		AB6EADB61F128B3D00E2AACB /* AddMenuVC.swift in Sources */ = {isa = PBXBuildFile; fileRef = AB6EADB51F128B3D00E2AACB /* AddMenuVC.swift */; };
		ABE3B98D1F0D4C480079B099 /* AppDelegate.swift in Sources */ = {isa = PBXBuildFile; fileRef = ABE3B98C1F0D4C480079B099 /* AppDelegate.swift */; };
		ABE3B98F1F0D4C480079B099 /* LoginVC.swift in Sources */ = {isa = PBXBuildFile; fileRef = ABE3B98E1F0D4C480079B099 /* LoginVC.swift */; };
		ABE3B9921F0D4C480079B099 /* Main.storyboard in Resources */ = {isa = PBXBuildFile; fileRef = ABE3B9901F0D4C480079B099 /* Main.storyboard */; };
		ABE3B9941F0D4C480079B099 /* Assets.xcassets in Resources */ = {isa = PBXBuildFile; fileRef = ABE3B9931F0D4C480079B099 /* Assets.xcassets */; };
		ABE3B9971F0D4C480079B099 /* LaunchScreen.storyboard in Resources */ = {isa = PBXBuildFile; fileRef = ABE3B9951F0D4C480079B099 /* LaunchScreen.storyboard */; };
		ABE3B9A21F0D6AAF0079B099 /* MainVC.swift in Sources */ = {isa = PBXBuildFile; fileRef = ABE3B9A11F0D6AAF0079B099 /* MainVC.swift */; };
		ABE3B9A41F0D6B220079B099 /* EditProfileVC.swift in Sources */ = {isa = PBXBuildFile; fileRef = ABE3B9A31F0D6B220079B099 /* EditProfileVC.swift */; };
		ABE3B9A61F0D724A0079B099 /* SetUpProfileVC.swift in Sources */ = {isa = PBXBuildFile; fileRef = ABE3B9A51F0D724A0079B099 /* SetUpProfileVC.swift */; };
		ABE3B9A81F0D8A280079B099 /* InfoVC.swift in Sources */ = {isa = PBXBuildFile; fileRef = ABE3B9A71F0D8A280079B099 /* InfoVC.swift */; };
		ABE3B9AA1F0D8A410079B099 /* SafetyVC.swift in Sources */ = {isa = PBXBuildFile; fileRef = ABE3B9A91F0D8A410079B099 /* SafetyVC.swift */; };
		ABE3B9AE1F0D93540079B099 /* Constants.swift in Sources */ = {isa = PBXBuildFile; fileRef = ABE3B9AD1F0D93540079B099 /* Constants.swift */; };
		ABE3B9B01F0D937C0079B099 /* DataService.swift in Sources */ = {isa = PBXBuildFile; fileRef = ABE3B9AF1F0D937C0079B099 /* DataService.swift */; };
		ABE3B9B21F0D93FC0079B099 /* CustomTextField.swift in Sources */ = {isa = PBXBuildFile; fileRef = ABE3B9B11F0D93FC0079B099 /* CustomTextField.swift */; };
		ABE3B9B41F0D94380079B099 /* FancyView.swift in Sources */ = {isa = PBXBuildFile; fileRef = ABE3B9B31F0D94380079B099 /* FancyView.swift */; };
		ABE3B9B61F0D944C0079B099 /* RoundButton.swift in Sources */ = {isa = PBXBuildFile; fileRef = ABE3B9B51F0D944C0079B099 /* RoundButton.swift */; };
		ABE3B9B81F0D94580079B099 /* FancyField.swift in Sources */ = {isa = PBXBuildFile; fileRef = ABE3B9B71F0D94580079B099 /* FancyField.swift */; };
		ABE3B9BA1F0D94650079B099 /* FancyButton.swift in Sources */ = {isa = PBXBuildFile; fileRef = ABE3B9B91F0D94650079B099 /* FancyButton.swift */; };
		ABE3B9BC1F0D94750079B099 /* CircleView.swift in Sources */ = {isa = PBXBuildFile; fileRef = ABE3B9BB1F0D94750079B099 /* CircleView.swift */; };
		ABE3B9BE1F0F7D2D0079B099 /* GoogleService-Info.plist in Resources */ = {isa = PBXBuildFile; fileRef = ABE3B9BD1F0F7D2D0079B099 /* GoogleService-Info.plist */; };
		D87AA3B09C66E592607BAEE9 /* Pods_The_Big_Seaweed_Search.framework in Frameworks */ = {isa = PBXBuildFile; fileRef = 9C763B25A60E0A4A9FCE2869 /* Pods_The_Big_Seaweed_Search.framework */; };
/* End PBXBuildFile section */

/* Begin PBXFileReference section */
		155C308B9E86F40B5E65DB0E /* Pods-The Big Seaweed Search.release.xcconfig */ = {isa = PBXFileReference; includeInIndex = 1; lastKnownFileType = text.xcconfig; name = "Pods-The Big Seaweed Search.release.xcconfig"; path = "Pods/Target Support Files/Pods-The Big Seaweed Search/Pods-The Big Seaweed Search.release.xcconfig"; sourceTree = "<group>"; };
		9C763B25A60E0A4A9FCE2869 /* Pods_The_Big_Seaweed_Search.framework */ = {isa = PBXFileReference; explicitFileType = wrapper.framework; includeInIndex = 0; path = Pods_The_Big_Seaweed_Search.framework; sourceTree = BUILT_PRODUCTS_DIR; };
		AB57F9131F10DCF900CFB504 /* FancyImageView.swift */ = {isa = PBXFileReference; fileEncoding = 4; lastKnownFileType = sourcecode.swift; path = FancyImageView.swift; sourceTree = "<group>"; };
		AB57F9151F11097900CFB504 /* InstructionsVC.swift */ = {isa = PBXFileReference; fileEncoding = 4; lastKnownFileType = sourcecode.swift; path = InstructionsVC.swift; sourceTree = "<group>"; };
		AB57F9171F1109A400CFB504 /* AboutVC.swift */ = {isa = PBXFileReference; fileEncoding = 4; lastKnownFileType = sourcecode.swift; path = AboutVC.swift; sourceTree = "<group>"; };
		AB57F9191F1109C000CFB504 /* PrivacyVC.swift */ = {isa = PBXFileReference; fileEncoding = 4; lastKnownFileType = sourcecode.swift; path = PrivacyVC.swift; sourceTree = "<group>"; };
		AB57F91B1F111AAB00CFB504 /* ProfileOptionsVC.swift */ = {isa = PBXFileReference; fileEncoding = 4; lastKnownFileType = sourcecode.swift; path = ProfileOptionsVC.swift; sourceTree = "<group>"; };
		AB57F91D1F11215E00CFB504 /* ViewProfileVC.swift */ = {isa = PBXFileReference; fileEncoding = 4; lastKnownFileType = sourcecode.swift; path = ViewProfileVC.swift; sourceTree = "<group>"; };
		AB57F91F1F11226B00CFB504 /* FancyLabel.swift */ = {isa = PBXFileReference; fileEncoding = 4; lastKnownFileType = sourcecode.swift; path = FancyLabel.swift; sourceTree = "<group>"; };
		AB57F9211F11263900CFB504 /* UserProfile.swift */ = {isa = PBXFileReference; fileEncoding = 4; lastKnownFileType = sourcecode.swift; path = UserProfile.swift; sourceTree = "<group>"; };
		AB6EADB51F128B3D00E2AACB /* AddMenuVC.swift */ = {isa = PBXFileReference; fileEncoding = 4; lastKnownFileType = sourcecode.swift; path = AddMenuVC.swift; sourceTree = "<group>"; };
		ABE3B9891F0D4C480079B099 /* The Big Seaweed Search.app */ = {isa = PBXFileReference; explicitFileType = wrapper.application; includeInIndex = 0; path = "The Big Seaweed Search.app"; sourceTree = BUILT_PRODUCTS_DIR; };
		ABE3B98C1F0D4C480079B099 /* AppDelegate.swift */ = {isa = PBXFileReference; lastKnownFileType = sourcecode.swift; path = AppDelegate.swift; sourceTree = "<group>"; };
		ABE3B98E1F0D4C480079B099 /* LoginVC.swift */ = {isa = PBXFileReference; lastKnownFileType = sourcecode.swift; path = LoginVC.swift; sourceTree = "<group>"; };
		ABE3B9911F0D4C480079B099 /* Base */ = {isa = PBXFileReference; lastKnownFileType = file.storyboard; name = Base; path = Base.lproj/Main.storyboard; sourceTree = "<group>"; };
		ABE3B9931F0D4C480079B099 /* Assets.xcassets */ = {isa = PBXFileReference; lastKnownFileType = folder.assetcatalog; path = Assets.xcassets; sourceTree = "<group>"; };
		ABE3B9961F0D4C480079B099 /* Base */ = {isa = PBXFileReference; lastKnownFileType = file.storyboard; name = Base; path = Base.lproj/LaunchScreen.storyboard; sourceTree = "<group>"; };
		ABE3B9981F0D4C480079B099 /* Info.plist */ = {isa = PBXFileReference; lastKnownFileType = text.plist.xml; path = Info.plist; sourceTree = "<group>"; };
		ABE3B9A11F0D6AAF0079B099 /* MainVC.swift */ = {isa = PBXFileReference; fileEncoding = 4; lastKnownFileType = sourcecode.swift; path = MainVC.swift; sourceTree = "<group>"; };
		ABE3B9A31F0D6B220079B099 /* EditProfileVC.swift */ = {isa = PBXFileReference; fileEncoding = 4; lastKnownFileType = sourcecode.swift; path = EditProfileVC.swift; sourceTree = "<group>"; };
		ABE3B9A51F0D724A0079B099 /* SetUpProfileVC.swift */ = {isa = PBXFileReference; fileEncoding = 4; lastKnownFileType = sourcecode.swift; path = SetUpProfileVC.swift; sourceTree = "<group>"; };
		ABE3B9A71F0D8A280079B099 /* InfoVC.swift */ = {isa = PBXFileReference; fileEncoding = 4; lastKnownFileType = sourcecode.swift; path = InfoVC.swift; sourceTree = "<group>"; };
		ABE3B9A91F0D8A410079B099 /* SafetyVC.swift */ = {isa = PBXFileReference; fileEncoding = 4; lastKnownFileType = sourcecode.swift; path = SafetyVC.swift; sourceTree = "<group>"; };
		ABE3B9AD1F0D93540079B099 /* Constants.swift */ = {isa = PBXFileReference; fileEncoding = 4; lastKnownFileType = sourcecode.swift; path = Constants.swift; sourceTree = "<group>"; };
		ABE3B9AF1F0D937C0079B099 /* DataService.swift */ = {isa = PBXFileReference; fileEncoding = 4; lastKnownFileType = sourcecode.swift; path = DataService.swift; sourceTree = "<group>"; };
		ABE3B9B11F0D93FC0079B099 /* CustomTextField.swift */ = {isa = PBXFileReference; fileEncoding = 4; lastKnownFileType = sourcecode.swift; path = CustomTextField.swift; sourceTree = "<group>"; };
		ABE3B9B31F0D94380079B099 /* FancyView.swift */ = {isa = PBXFileReference; fileEncoding = 4; lastKnownFileType = sourcecode.swift; path = FancyView.swift; sourceTree = "<group>"; };
		ABE3B9B51F0D944C0079B099 /* RoundButton.swift */ = {isa = PBXFileReference; fileEncoding = 4; lastKnownFileType = sourcecode.swift; path = RoundButton.swift; sourceTree = "<group>"; };
		ABE3B9B71F0D94580079B099 /* FancyField.swift */ = {isa = PBXFileReference; fileEncoding = 4; lastKnownFileType = sourcecode.swift; path = FancyField.swift; sourceTree = "<group>"; };
		ABE3B9B91F0D94650079B099 /* FancyButton.swift */ = {isa = PBXFileReference; fileEncoding = 4; lastKnownFileType = sourcecode.swift; path = FancyButton.swift; sourceTree = "<group>"; };
		ABE3B9BB1F0D94750079B099 /* CircleView.swift */ = {isa = PBXFileReference; fileEncoding = 4; lastKnownFileType = sourcecode.swift; path = CircleView.swift; sourceTree = "<group>"; };
		ABE3B9BD1F0F7D2D0079B099 /* GoogleService-Info.plist */ = {isa = PBXFileReference; fileEncoding = 4; lastKnownFileType = text.plist.xml; path = "GoogleService-Info.plist"; sourceTree = "<group>"; };
		FBBAE56731BCD05EE24F1BF1 /* Pods-The Big Seaweed Search.debug.xcconfig */ = {isa = PBXFileReference; includeInIndex = 1; lastKnownFileType = text.xcconfig; name = "Pods-The Big Seaweed Search.debug.xcconfig"; path = "Pods/Target Support Files/Pods-The Big Seaweed Search/Pods-The Big Seaweed Search.debug.xcconfig"; sourceTree = "<group>"; };
/* End PBXFileReference section */

/* Begin PBXFrameworksBuildPhase section */
		ABE3B9861F0D4C480079B099 /* Frameworks */ = {
			isa = PBXFrameworksBuildPhase;
			buildActionMask = 2147483647;
			files = (
				D87AA3B09C66E592607BAEE9 /* Pods_The_Big_Seaweed_Search.framework in Frameworks */,
			);
			runOnlyForDeploymentPostprocessing = 0;
		};
/* End PBXFrameworksBuildPhase section */

/* Begin PBXGroup section */
		6C9969D6CA14C3D545519AC3 /* Pods */ = {
			isa = PBXGroup;
			children = (
				FBBAE56731BCD05EE24F1BF1 /* Pods-The Big Seaweed Search.debug.xcconfig */,
				155C308B9E86F40B5E65DB0E /* Pods-The Big Seaweed Search.release.xcconfig */,
			);
			name = Pods;
			sourceTree = "<group>";
		};
		ABE3B9801F0D4C480079B099 = {
			isa = PBXGroup;
			children = (
				ABE3B98B1F0D4C480079B099 /* The Big Seaweed Search */,
				ABE3B98A1F0D4C480079B099 /* Products */,
				6C9969D6CA14C3D545519AC3 /* Pods */,
				C81FEDAAE340A767E1072540 /* Frameworks */,
			);
			sourceTree = "<group>";
		};
		ABE3B98A1F0D4C480079B099 /* Products */ = {
			isa = PBXGroup;
			children = (
				ABE3B9891F0D4C480079B099 /* The Big Seaweed Search.app */,
			);
			name = Products;
			sourceTree = "<group>";
		};
		ABE3B98B1F0D4C480079B099 /* The Big Seaweed Search */ = {
			isa = PBXGroup;
			children = (
				ABE3B9AB1F0D93070079B099 /* Services */,
				ABE3B9AC1F0D93160079B099 /* Util */,
				ABE3B99E1F0D4C780079B099 /* Model */,
				ABE3B99F1F0D4CAA0079B099 /* View */,
				ABE3B9A01F0D4CB50079B099 /* Controller */,
				ABE3B9901F0D4C480079B099 /* Main.storyboard */,
				ABE3B9931F0D4C480079B099 /* Assets.xcassets */,
				ABE3B9951F0D4C480079B099 /* LaunchScreen.storyboard */,
				ABE3B9981F0D4C480079B099 /* Info.plist */,
				ABE3B9BD1F0F7D2D0079B099 /* GoogleService-Info.plist */,
			);
			path = "The Big Seaweed Search";
			sourceTree = "<group>";
		};
		ABE3B99E1F0D4C780079B099 /* Model */ = {
			isa = PBXGroup;
			children = (
				AB57F9211F11263900CFB504 /* UserProfile.swift */,
			);
			name = Model;
			sourceTree = "<group>";
		};
		ABE3B99F1F0D4CAA0079B099 /* View */ = {
			isa = PBXGroup;
			children = (
				ABE3B9B11F0D93FC0079B099 /* CustomTextField.swift */,
				ABE3B9BB1F0D94750079B099 /* CircleView.swift */,
				ABE3B9B71F0D94580079B099 /* FancyField.swift */,
				ABE3B9B91F0D94650079B099 /* FancyButton.swift */,
				ABE3B9B31F0D94380079B099 /* FancyView.swift */,
				ABE3B9B51F0D944C0079B099 /* RoundButton.swift */,
				AB57F9131F10DCF900CFB504 /* FancyImageView.swift */,
				AB57F91F1F11226B00CFB504 /* FancyLabel.swift */,
			);
			name = View;
			sourceTree = "<group>";
		};
		ABE3B9A01F0D4CB50079B099 /* Controller */ = {
			isa = PBXGroup;
			children = (
				ABE3B98E1F0D4C480079B099 /* LoginVC.swift */,
				ABE3B9A11F0D6AAF0079B099 /* MainVC.swift */,
				ABE3B9A31F0D6B220079B099 /* EditProfileVC.swift */,
				ABE3B9A51F0D724A0079B099 /* SetUpProfileVC.swift */,
				ABE3B9A71F0D8A280079B099 /* InfoVC.swift */,
				ABE3B9A91F0D8A410079B099 /* SafetyVC.swift */,
				AB57F9151F11097900CFB504 /* InstructionsVC.swift */,
				AB57F9171F1109A400CFB504 /* AboutVC.swift */,
				AB57F9191F1109C000CFB504 /* PrivacyVC.swift */,
				AB57F91B1F111AAB00CFB504 /* ProfileOptionsVC.swift */,
				AB57F91D1F11215E00CFB504 /* ViewProfileVC.swift */,
				AB6EADB51F128B3D00E2AACB /* AddMenuVC.swift */,
			);
			name = Controller;
			sourceTree = "<group>";
		};
		ABE3B9AB1F0D93070079B099 /* Services */ = {
			isa = PBXGroup;
			children = (
				ABE3B98C1F0D4C480079B099 /* AppDelegate.swift */,
				ABE3B9AF1F0D937C0079B099 /* DataService.swift */,
			);
			name = Services;
			sourceTree = "<group>";
		};
		ABE3B9AC1F0D93160079B099 /* Util */ = {
			isa = PBXGroup;
			children = (
				ABE3B9AD1F0D93540079B099 /* Constants.swift */,
			);
			name = Util;
			sourceTree = "<group>";
		};
		C81FEDAAE340A767E1072540 /* Frameworks */ = {
			isa = PBXGroup;
			children = (
				9C763B25A60E0A4A9FCE2869 /* Pods_The_Big_Seaweed_Search.framework */,
			);
			name = Frameworks;
			sourceTree = "<group>";
		};
/* End PBXGroup section */

/* Begin PBXNativeTarget section */
		ABE3B9881F0D4C480079B099 /* The Big Seaweed Search */ = {
			isa = PBXNativeTarget;
			buildConfigurationList = ABE3B99B1F0D4C480079B099 /* Build configuration list for PBXNativeTarget "The Big Seaweed Search" */;
			buildPhases = (
				63AC0011662ED35AEBD38897 /* [CP] Check Pods Manifest.lock */,
				ABE3B9851F0D4C480079B099 /* Sources */,
				ABE3B9861F0D4C480079B099 /* Frameworks */,
				ABE3B9871F0D4C480079B099 /* Resources */,
				397BD97B20B3E6D0E62D7C1C /* [CP] Embed Pods Frameworks */,
				4D483DF36EB2C1104EBE3F93 /* [CP] Copy Pods Resources */,
			);
			buildRules = (
			);
			dependencies = (
			);
			name = "The Big Seaweed Search";
			productName = "The Big Seaweed Search";
			productReference = ABE3B9891F0D4C480079B099 /* The Big Seaweed Search.app */;
			productType = "com.apple.product-type.application";
		};
/* End PBXNativeTarget section */

/* Begin PBXProject section */
		ABE3B9811F0D4C480079B099 /* Project object */ = {
			isa = PBXProject;
			attributes = {
				LastSwiftUpdateCheck = 0830;
				LastUpgradeCheck = 0830;
				ORGANIZATIONNAME = "Chase Scott-Pearson";
				TargetAttributes = {
					ABE3B9881F0D4C480079B099 = {
						CreatedOnToolsVersion = 8.3.2;
						DevelopmentTeam = DZZAG8AQ89;
						ProvisioningStyle = Automatic;
					};
				};
			};
			buildConfigurationList = ABE3B9841F0D4C480079B099 /* Build configuration list for PBXProject "The Big Seaweed Search" */;
			compatibilityVersion = "Xcode 3.2";
			developmentRegion = English;
			hasScannedForEncodings = 0;
			knownRegions = (
				en,
				Base,
			);
			mainGroup = ABE3B9801F0D4C480079B099;
			productRefGroup = ABE3B98A1F0D4C480079B099 /* Products */;
			projectDirPath = "";
			projectRoot = "";
			targets = (
				ABE3B9881F0D4C480079B099 /* The Big Seaweed Search */,
			);
		};
/* End PBXProject section */

/* Begin PBXResourcesBuildPhase section */
		ABE3B9871F0D4C480079B099 /* Resources */ = {
			isa = PBXResourcesBuildPhase;
			buildActionMask = 2147483647;
			files = (
				ABE3B9971F0D4C480079B099 /* LaunchScreen.storyboard in Resources */,
				ABE3B9BE1F0F7D2D0079B099 /* GoogleService-Info.plist in Resources */,
				ABE3B9941F0D4C480079B099 /* Assets.xcassets in Resources */,
				ABE3B9921F0D4C480079B099 /* Main.storyboard in Resources */,
			);
			runOnlyForDeploymentPostprocessing = 0;
		};
/* End PBXResourcesBuildPhase section */

/* Begin PBXShellScriptBuildPhase section */
		397BD97B20B3E6D0E62D7C1C /* [CP] Embed Pods Frameworks */ = {
			isa = PBXShellScriptBuildPhase;
			buildActionMask = 2147483647;
			files = (
			);
			inputPaths = (
			);
			name = "[CP] Embed Pods Frameworks";
			outputPaths = (
			);
			runOnlyForDeploymentPostprocessing = 0;
			shellPath = /bin/sh;
			shellScript = "\"${SRCROOT}/Pods/Target Support Files/Pods-The Big Seaweed Search/Pods-The Big Seaweed Search-frameworks.sh\"\n";
			showEnvVarsInLog = 0;
		};
		4D483DF36EB2C1104EBE3F93 /* [CP] Copy Pods Resources */ = {
			isa = PBXShellScriptBuildPhase;
			buildActionMask = 2147483647;
			files = (
			);
			inputPaths = (
			);
			name = "[CP] Copy Pods Resources";
			outputPaths = (
			);
			runOnlyForDeploymentPostprocessing = 0;
			shellPath = /bin/sh;
			shellScript = "\"${SRCROOT}/Pods/Target Support Files/Pods-The Big Seaweed Search/Pods-The Big Seaweed Search-resources.sh\"\n";
			showEnvVarsInLog = 0;
		};
		63AC0011662ED35AEBD38897 /* [CP] Check Pods Manifest.lock */ = {
			isa = PBXShellScriptBuildPhase;
			buildActionMask = 2147483647;
			files = (
			);
			inputPaths = (
			);
			name = "[CP] Check Pods Manifest.lock";
			outputPaths = (
			);
			runOnlyForDeploymentPostprocessing = 0;
			shellPath = /bin/sh;
			shellScript = "diff \"${PODS_PODFILE_DIR_PATH}/Podfile.lock\" \"${PODS_ROOT}/Manifest.lock\" > /dev/null\nif [ $? != 0 ] ; then\n    # print error to STDERR\n    echo \"error: The sandbox is not in sync with the Podfile.lock. Run 'pod install' or update your CocoaPods installation.\" >&2\n    exit 1\nfi\n";
			showEnvVarsInLog = 0;
		};
/* End PBXShellScriptBuildPhase section */

/* Begin PBXSourcesBuildPhase section */
		ABE3B9851F0D4C480079B099 /* Sources */ = {
			isa = PBXSourcesBuildPhase;
			buildActionMask = 2147483647;
			files = (
				ABE3B9B61F0D944C0079B099 /* RoundButton.swift in Sources */,
				AB6EADB61F128B3D00E2AACB /* AddMenuVC.swift in Sources */,
				ABE3B9B01F0D937C0079B099 /* DataService.swift in Sources */,
				ABE3B9AA1F0D8A410079B099 /* SafetyVC.swift in Sources */,
				ABE3B9BA1F0D94650079B099 /* FancyButton.swift in Sources */,
				AB57F9161F11097900CFB504 /* InstructionsVC.swift in Sources */,
				ABE3B98F1F0D4C480079B099 /* LoginVC.swift in Sources */,
				AB57F9221F11263900CFB504 /* UserProfile.swift in Sources */,
				ABE3B9A61F0D724A0079B099 /* SetUpProfileVC.swift in Sources */,
				AB57F91C1F111AAB00CFB504 /* ProfileOptionsVC.swift in Sources */,
				AB57F91E1F11215E00CFB504 /* ViewProfileVC.swift in Sources */,
				AB57F91A1F1109C000CFB504 /* PrivacyVC.swift in Sources */,
				ABE3B9BC1F0D94750079B099 /* CircleView.swift in Sources */,
				ABE3B9B81F0D94580079B099 /* FancyField.swift in Sources */,
				ABE3B9B21F0D93FC0079B099 /* CustomTextField.swift in Sources */,
				ABE3B9A21F0D6AAF0079B099 /* MainVC.swift in Sources */,
				ABE3B9B41F0D94380079B099 /* FancyView.swift in Sources */,
				ABE3B9A41F0D6B220079B099 /* EditProfileVC.swift in Sources */,
				ABE3B9A81F0D8A280079B099 /* InfoVC.swift in Sources */,
				AB57F9181F1109A400CFB504 /* AboutVC.swift in Sources */,
				ABE3B98D1F0D4C480079B099 /* AppDelegate.swift in Sources */,
				AB57F9141F10DCF900CFB504 /* FancyImageView.swift in Sources */,
				AB57F9201F11226B00CFB504 /* FancyLabel.swift in Sources */,
				ABE3B9AE1F0D93540079B099 /* Constants.swift in Sources */,
			);
			runOnlyForDeploymentPostprocessing = 0;
		};
/* End PBXSourcesBuildPhase section */

/* Begin PBXVariantGroup section */
		ABE3B9901F0D4C480079B099 /* Main.storyboard */ = {
			isa = PBXVariantGroup;
			children = (
				ABE3B9911F0D4C480079B099 /* Base */,
			);
			name = Main.storyboard;
			sourceTree = "<group>";
		};
		ABE3B9951F0D4C480079B099 /* LaunchScreen.storyboard */ = {
			isa = PBXVariantGroup;
			children = (
				ABE3B9961F0D4C480079B099 /* Base */,
			);
			name = LaunchScreen.storyboard;
			sourceTree = "<group>";
		};
/* End PBXVariantGroup section */

/* Begin XCBuildConfiguration section */
		ABE3B9991F0D4C480079B099 /* Debug */ = {
			isa = XCBuildConfiguration;
			buildSettings = {
				ALWAYS_SEARCH_USER_PATHS = NO;
				CLANG_ANALYZER_NONNULL = YES;
				CLANG_ANALYZER_NUMBER_OBJECT_CONVERSION = YES_AGGRESSIVE;
				CLANG_CXX_LANGUAGE_STANDARD = "gnu++0x";
				CLANG_CXX_LIBRARY = "libc++";
				CLANG_ENABLE_MODULES = YES;
				CLANG_ENABLE_OBJC_ARC = YES;
				CLANG_WARN_BOOL_CONVERSION = YES;
				CLANG_WARN_CONSTANT_CONVERSION = YES;
				CLANG_WARN_DIRECT_OBJC_ISA_USAGE = YES_ERROR;
				CLANG_WARN_DOCUMENTATION_COMMENTS = YES;
				CLANG_WARN_EMPTY_BODY = YES;
				CLANG_WARN_ENUM_CONVERSION = YES;
				CLANG_WARN_INFINITE_RECURSION = YES;
				CLANG_WARN_INT_CONVERSION = YES;
				CLANG_WARN_OBJC_ROOT_CLASS = YES_ERROR;
				CLANG_WARN_SUSPICIOUS_MOVE = YES;
				CLANG_WARN_UNREACHABLE_CODE = YES;
				CLANG_WARN__DUPLICATE_METHOD_MATCH = YES;
				"CODE_SIGN_IDENTITY[sdk=iphoneos*]" = "iPhone Developer";
				COPY_PHASE_STRIP = NO;
				DEBUG_INFORMATION_FORMAT = dwarf;
				ENABLE_STRICT_OBJC_MSGSEND = YES;
				ENABLE_TESTABILITY = YES;
				GCC_C_LANGUAGE_STANDARD = gnu99;
				GCC_DYNAMIC_NO_PIC = NO;
				GCC_NO_COMMON_BLOCKS = YES;
				GCC_OPTIMIZATION_LEVEL = 0;
				GCC_PREPROCESSOR_DEFINITIONS = (
					"DEBUG=1",
					"$(inherited)",
				);
				GCC_WARN_64_TO_32_BIT_CONVERSION = YES;
				GCC_WARN_ABOUT_RETURN_TYPE = YES_ERROR;
				GCC_WARN_UNDECLARED_SELECTOR = YES;
				GCC_WARN_UNINITIALIZED_AUTOS = YES_AGGRESSIVE;
				GCC_WARN_UNUSED_FUNCTION = YES;
				GCC_WARN_UNUSED_VARIABLE = YES;
				IPHONEOS_DEPLOYMENT_TARGET = 10.3;
				MTL_ENABLE_DEBUG_INFO = YES;
				ONLY_ACTIVE_ARCH = YES;
				SDKROOT = iphoneos;
				SWIFT_ACTIVE_COMPILATION_CONDITIONS = DEBUG;
				SWIFT_OPTIMIZATION_LEVEL = "-Onone";
				TARGETED_DEVICE_FAMILY = "1,2";
			};
			name = Debug;
		};
		ABE3B99A1F0D4C480079B099 /* Release */ = {
			isa = XCBuildConfiguration;
			buildSettings = {
				ALWAYS_SEARCH_USER_PATHS = NO;
				CLANG_ANALYZER_NONNULL = YES;
				CLANG_ANALYZER_NUMBER_OBJECT_CONVERSION = YES_AGGRESSIVE;
				CLANG_CXX_LANGUAGE_STANDARD = "gnu++0x";
				CLANG_CXX_LIBRARY = "libc++";
				CLANG_ENABLE_MODULES = YES;
				CLANG_ENABLE_OBJC_ARC = YES;
				CLANG_WARN_BOOL_CONVERSION = YES;
				CLANG_WARN_CONSTANT_CONVERSION = YES;
				CLANG_WARN_DIRECT_OBJC_ISA_USAGE = YES_ERROR;
				CLANG_WARN_DOCUMENTATION_COMMENTS = YES;
				CLANG_WARN_EMPTY_BODY = YES;
				CLANG_WARN_ENUM_CONVERSION = YES;
				CLANG_WARN_INFINITE_RECURSION = YES;
				CLANG_WARN_INT_CONVERSION = YES;
				CLANG_WARN_OBJC_ROOT_CLASS = YES_ERROR;
				CLANG_WARN_SUSPICIOUS_MOVE = YES;
				CLANG_WARN_UNREACHABLE_CODE = YES;
				CLANG_WARN__DUPLICATE_METHOD_MATCH = YES;
				"CODE_SIGN_IDENTITY[sdk=iphoneos*]" = "iPhone Developer";
				COPY_PHASE_STRIP = NO;
				DEBUG_INFORMATION_FORMAT = "dwarf-with-dsym";
				ENABLE_NS_ASSERTIONS = NO;
				ENABLE_STRICT_OBJC_MSGSEND = YES;
				GCC_C_LANGUAGE_STANDARD = gnu99;
				GCC_NO_COMMON_BLOCKS = YES;
				GCC_WARN_64_TO_32_BIT_CONVERSION = YES;
				GCC_WARN_ABOUT_RETURN_TYPE = YES_ERROR;
				GCC_WARN_UNDECLARED_SELECTOR = YES;
				GCC_WARN_UNINITIALIZED_AUTOS = YES_AGGRESSIVE;
				GCC_WARN_UNUSED_FUNCTION = YES;
				GCC_WARN_UNUSED_VARIABLE = YES;
				IPHONEOS_DEPLOYMENT_TARGET = 10.3;
				MTL_ENABLE_DEBUG_INFO = NO;
				SDKROOT = iphoneos;
				SWIFT_OPTIMIZATION_LEVEL = "-Owholemodule";
				TARGETED_DEVICE_FAMILY = "1,2";
				VALIDATE_PRODUCT = YES;
			};
			name = Release;
		};
		ABE3B99C1F0D4C480079B099 /* Debug */ = {
			isa = XCBuildConfiguration;
			baseConfigurationReference = FBBAE56731BCD05EE24F1BF1 /* Pods-The Big Seaweed Search.debug.xcconfig */;
			buildSettings = {
				ASSETCATALOG_COMPILER_APPICON_NAME = AppIcon;
				DEVELOPMENT_TEAM = DZZAG8AQ89;
				INFOPLIST_FILE = "The Big Seaweed Search/Info.plist";
				LD_RUNPATH_SEARCH_PATHS = "$(inherited) @executable_path/Frameworks";
				PRODUCT_BUNDLE_IDENTIFIER = "CLAOS.The-Big-Seaweed-Search";
				PRODUCT_NAME = "$(TARGET_NAME)";
				SWIFT_VERSION = 3.0;
			};
			name = Debug;
		};
		ABE3B99D1F0D4C480079B099 /* Release */ = {
			isa = XCBuildConfiguration;
			baseConfigurationReference = 155C308B9E86F40B5E65DB0E /* Pods-The Big Seaweed Search.release.xcconfig */;
			buildSettings = {
				ASSETCATALOG_COMPILER_APPICON_NAME = AppIcon;
				DEVELOPMENT_TEAM = DZZAG8AQ89;
				INFOPLIST_FILE = "The Big Seaweed Search/Info.plist";
				LD_RUNPATH_SEARCH_PATHS = "$(inherited) @executable_path/Frameworks";
				PRODUCT_BUNDLE_IDENTIFIER = "CLAOS.The-Big-Seaweed-Search";
				PRODUCT_NAME = "$(TARGET_NAME)";
				SWIFT_VERSION = 3.0;
			};
			name = Release;
		};
/* End XCBuildConfiguration section */

/* Begin XCConfigurationList section */
		ABE3B9841F0D4C480079B099 /* Build configuration list for PBXProject "The Big Seaweed Search" */ = {
			isa = XCConfigurationList;
			buildConfigurations = (
				ABE3B9991F0D4C480079B099 /* Debug */,
				ABE3B99A1F0D4C480079B099 /* Release */,
			);
			defaultConfigurationIsVisible = 0;
			defaultConfigurationName = Release;
		};
		ABE3B99B1F0D4C480079B099 /* Build configuration list for PBXNativeTarget "The Big Seaweed Search" */ = {
			isa = XCConfigurationList;
			buildConfigurations = (
				ABE3B99C1F0D4C480079B099 /* Debug */,
				ABE3B99D1F0D4C480079B099 /* Release */,
			);
			defaultConfigurationIsVisible = 0;
			defaultConfigurationName = Release;
		};
/* End XCConfigurationList section */
	};
	rootObject = ABE3B9811F0D4C480079B099 /* Project object */;
}
